
Microsoft Visual Studio Solution File, Format Version 12.00
# Visual Studio 14
VisualStudioVersion = 14.0.24720.0
MinimumVisualStudioVersion = 10.0.40219.1
Project("{FAE04EC0-301F-11D3-BF4B-00C04F79EFBC}") = "SHD.KPSA.Utils", "SHD.KPSA.Utils\SHD.KPSA.Utils.csproj", "{DD1FEB89-E5D8-42DF-91EF-95A1C1113A05}"
EndProject
Project("{FAE04EC0-301F-11D3-BF4B-00C04F79EFBC}") = "SHD.KPSA.Tools.Application", "SHD.KPSA.Tools.Application\SHD.KPSA.Tools.Application.csproj", "{D2170743-CE1B-4072-822D-ACE736C5976C}"
	ProjectSection(ProjectDependencies) = postProject
		{DD1FEB89-E5D8-42DF-91EF-95A1C1113A05} = {DD1FEB89-E5D8-42DF-91EF-95A1C1113A05}
	EndProjectSection
EndProject
Project("{FAE04EC0-301F-11D3-BF4B-00C04F79EFBC}") = "SHD.KPSA.Tools.Clean3Ds", "SHD.KPSA.Tools.Clean3Ds\SHD.KPSA.Tools.Clean3Ds.csproj", "{0283D789-B3E9-4FBD-9D5A-FB9F0324A28F}"
EndProject
Project("{FAE04EC0-301F-11D3-BF4B-00C04F79EFBC}") = "SHD.KPSA.Tools.MatFileGenerator", "SHD.KPSA.Tools.MatFileGenerator\SHD.KPSA.Tools.MatFileGenerator.csproj", "{17D63381-4AE8-4167-BAA4-0028B0678B89}"
EndProject
Project("{FAE04EC0-301F-11D3-BF4B-00C04F79EFBC}") = "SHD.KPSA.Tools.Changelog", "SHD.KPSA.Tools.Changelog\SHD.KPSA.Tools.Changelog.csproj", "{E1E2F795-14BB-4EC1-AA08-D244C95E9BD3}"
EndProject
Project("{FAE04EC0-301F-11D3-BF4B-00C04F79EFBC}") = "SHD.KPSA.Tools.Utils", "SHD.KPSA.Tools.Utils\SHD.KPSA.Tools.Utils.csproj", "{20DEBF07-847A-48D9-9B53-B44DCA2A9431}"
	ProjectSection(ProjectDependencies) = postProject
		{DD1FEB89-E5D8-42DF-91EF-95A1C1113A05} = {DD1FEB89-E5D8-42DF-91EF-95A1C1113A05}
	EndProjectSection
EndProject
Project("{54435603-DBB4-11D2-8724-00A0C9A8B90C}") = "KPSA.SHD.Tools.Setup", "KPSA.SHD.Tools.Setup\KPSA.SHD.Tools.Setup.vdproj", "{256FC410-CCBC-4250-ADA1-DA2492261D5C}"
EndProject
Project("{2150E333-8FDC-42A3-9474-1A3956D46DE8}") = "Common", "Common", "{2D7BDB4D-11CB-4D5C-903E-61388539CA2E}"
EndProject
Project("{2150E333-8FDC-42A3-9474-1A3956D46DE8}") = "Setup", "Setup", "{5AB86BF0-9E84-4B8E-9C2E-15E567F1A63F}"
EndProject
Project("{2150E333-8FDC-42A3-9474-1A3956D46DE8}") = "PageSections", "PageSections", "{4BC699AA-2E90-4943-8F98-7482E6E9A202}"
EndProject
Project("{2150E333-8FDC-42A3-9474-1A3956D46DE8}") = "Tools", "Tools", "{A17384A7-CA84-4B9A-BD4E-3C56B5F6D5AB}"
EndProject
Project("{2150E333-8FDC-42A3-9474-1A3956D46DE8}") = "Common", "Common", "{5D1C5762-C2E4-41D7-A557-0EA2E87B0CA7}"
EndProject
Global
	GlobalSection(SolutionConfigurationPlatforms) = preSolution
		Debug|Any CPU = Debug|Any CPU
		Debug|x64 = Debug|x64
		Release|Any CPU = Release|Any CPU
		Release|x64 = Release|x64
	EndGlobalSection
	GlobalSection(ProjectConfigurationPlatforms) = postSolution
		{DD1FEB89-E5D8-42DF-91EF-95A1C1113A05}.Debug|Any CPU.ActiveCfg = Debug|Any CPU
		{DD1FEB89-E5D8-42DF-91EF-95A1C1113A05}.Debug|Any CPU.Build.0 = Debug|Any CPU
		{DD1FEB89-E5D8-42DF-91EF-95A1C1113A05}.Debug|x64.ActiveCfg = Debug|x64
		{DD1FEB89-E5D8-42DF-91EF-95A1C1113A05}.Debug|x64.Build.0 = Debug|x64
		{DD1FEB89-E5D8-42DF-91EF-95A1C1113A05}.Release|Any CPU.ActiveCfg = Release|Any CPU
		{DD1FEB89-E5D8-42DF-91EF-95A1C1113A05}.Release|Any CPU.Build.0 = Release|Any CPU
		{DD1FEB89-E5D8-42DF-91EF-95A1C1113A05}.Release|x64.ActiveCfg = Release|x64
		{DD1FEB89-E5D8-42DF-91EF-95A1C1113A05}.Release|x64.Build.0 = Release|x64
		{D2170743-CE1B-4072-822D-ACE736C5976C}.Debug|Any CPU.ActiveCfg = Debug|Any CPU
		{D2170743-CE1B-4072-822D-ACE736C5976C}.Debug|Any CPU.Build.0 = Debug|Any CPU
		{D2170743-CE1B-4072-822D-ACE736C5976C}.Debug|x64.ActiveCfg = Debug|x64
		{D2170743-CE1B-4072-822D-ACE736C5976C}.Debug|x64.Build.0 = Debug|x64
		{D2170743-CE1B-4072-822D-ACE736C5976C}.Release|Any CPU.ActiveCfg = Release|Any CPU
		{D2170743-CE1B-4072-822D-ACE736C5976C}.Release|Any CPU.Build.0 = Release|Any CPU
		{D2170743-CE1B-4072-822D-ACE736C5976C}.Release|x64.ActiveCfg = Release|x64
		{D2170743-CE1B-4072-822D-ACE736C5976C}.Release|x64.Build.0 = Release|x64
		{0283D789-B3E9-4FBD-9D5A-FB9F0324A28F}.Debug|Any CPU.ActiveCfg = Debug|Any CPU
		{0283D789-B3E9-4FBD-9D5A-FB9F0324A28F}.Debug|Any CPU.Build.0 = Debug|Any CPU
		{0283D789-B3E9-4FBD-9D5A-FB9F0324A28F}.Debug|x64.ActiveCfg = Debug|x64
		{0283D789-B3E9-4FBD-9D5A-FB9F0324A28F}.Debug|x64.Build.0 = Debug|x64
		{0283D789-B3E9-4FBD-9D5A-FB9F0324A28F}.Release|Any CPU.ActiveCfg = Release|Any CPU
		{0283D789-B3E9-4FBD-9D5A-FB9F0324A28F}.Release|Any CPU.Build.0 = Release|Any CPU
		{0283D789-B3E9-4FBD-9D5A-FB9F0324A28F}.Release|x64.ActiveCfg = Release|x64
		{0283D789-B3E9-4FBD-9D5A-FB9F0324A28F}.Release|x64.Build.0 = Release|x64
		{17D63381-4AE8-4167-BAA4-0028B0678B89}.Debug|Any CPU.ActiveCfg = Debug|Any CPU
		{17D63381-4AE8-4167-BAA4-0028B0678B89}.Debug|Any CPU.Build.0 = Debug|Any CPU
		{17D63381-4AE8-4167-BAA4-0028B0678B89}.Debug|x64.ActiveCfg = Debug|x64
		{17D63381-4AE8-4167-BAA4-0028B0678B89}.Debug|x64.Build.0 = Debug|x64
		{17D63381-4AE8-4167-BAA4-0028B0678B89}.Release|Any CPU.ActiveCfg = Release|Any CPU
		{17D63381-4AE8-4167-BAA4-0028B0678B89}.Release|Any CPU.Build.0 = Release|Any CPU
		{17D63381-4AE8-4167-BAA4-0028B0678B89}.Release|x64.ActiveCfg = Release|x64
		{17D63381-4AE8-4167-BAA4-0028B0678B89}.Release|x64.Build.0 = Release|x64
		{E1E2F795-14BB-4EC1-AA08-D244C95E9BD3}.Debug|Any CPU.ActiveCfg = Debug|Any CPU
		{E1E2F795-14BB-4EC1-AA08-D244C95E9BD3}.Debug|Any CPU.Build.0 = Debug|Any CPU
		{E1E2F795-14BB-4EC1-AA08-D244C95E9BD3}.Debug|x64.ActiveCfg = Debug|x64
		{E1E2F795-14BB-4EC1-AA08-D244C95E9BD3}.Debug|x64.Build.0 = Debug|x64
		{E1E2F795-14BB-4EC1-AA08-D244C95E9BD3}.Release|Any CPU.ActiveCfg = Release|Any CPU
		{E1E2F795-14BB-4EC1-AA08-D244C95E9BD3}.Release|Any CPU.Build.0 = Release|Any CPU
		{E1E2F795-14BB-4EC1-AA08-D244C95E9BD3}.Release|x64.ActiveCfg = Release|x64
		{E1E2F795-14BB-4EC1-AA08-D244C95E9BD3}.Release|x64.Build.0 = Release|x64
		{20DEBF07-847A-48D9-9B53-B44DCA2A9431}.Debug|Any CPU.ActiveCfg = Debug|Any CPU
		{20DEBF07-847A-48D9-9B53-B44DCA2A9431}.Debug|Any CPU.Build.0 = Debug|Any CPU
		{20DEBF07-847A-48D9-9B53-B44DCA2A9431}.Debug|x64.ActiveCfg = Debug|x64
		{20DEBF07-847A-48D9-9B53-B44DCA2A9431}.Debug|x64.Build.0 = Debug|x64
		{20DEBF07-847A-48D9-9B53-B44DCA2A9431}.Release|Any CPU.ActiveCfg = Release|Any CPU
		{20DEBF07-847A-48D9-9B53-B44DCA2A9431}.Release|Any CPU.Build.0 = Release|Any CPU
		{20DEBF07-847A-48D9-9B53-B44DCA2A9431}.Release|x64.ActiveCfg = Release|x64
		{20DEBF07-847A-48D9-9B53-B44DCA2A9431}.Release|x64.Build.0 = Release|x64
		{256FC410-CCBC-4250-ADA1-DA2492261D5C}.Debug|Any CPU.ActiveCfg = Debug
		{256FC410-CCBC-4250-ADA1-DA2492261D5C}.Debug|x64.ActiveCfg = Debug
		{256FC410-CCBC-4250-ADA1-DA2492261D5C}.Release|Any CPU.ActiveCfg = Release
		{256FC410-CCBC-4250-ADA1-DA2492261D5C}.Release|Any CPU.Build.0 = Release
		{256FC410-CCBC-4250-ADA1-DA2492261D5C}.Release|x64.ActiveCfg = Release
		{256FC410-CCBC-4250-ADA1-DA2492261D5C}.Release|x64.Build.0 = Release
	EndGlobalSection
	GlobalSection(SolutionProperties) = preSolution
		HideSolutionNode = FALSE
	EndGlobalSection
	GlobalSection(NestedProjects) = preSolution
		{DD1FEB89-E5D8-42DF-91EF-95A1C1113A05} = {2D7BDB4D-11CB-4D5C-903E-61388539CA2E}
		{D2170743-CE1B-4072-822D-ACE736C5976C} = {A17384A7-CA84-4B9A-BD4E-3C56B5F6D5AB}
		{0283D789-B3E9-4FBD-9D5A-FB9F0324A28F} = {4BC699AA-2E90-4943-8F98-7482E6E9A202}
		{17D63381-4AE8-4167-BAA4-0028B0678B89} = {4BC699AA-2E90-4943-8F98-7482E6E9A202}
		{E1E2F795-14BB-4EC1-AA08-D244C95E9BD3} = {4BC699AA-2E90-4943-8F98-7482E6E9A202}
		{20DEBF07-847A-48D9-9B53-B44DCA2A9431} = {5D1C5762-C2E4-41D7-A557-0EA2E87B0CA7}
		{256FC410-CCBC-4250-ADA1-DA2492261D5C} = {5AB86BF0-9E84-4B8E-9C2E-15E567F1A63F}
		{5AB86BF0-9E84-4B8E-9C2E-15E567F1A63F} = {A17384A7-CA84-4B9A-BD4E-3C56B5F6D5AB}
		{4BC699AA-2E90-4943-8F98-7482E6E9A202} = {A17384A7-CA84-4B9A-BD4E-3C56B5F6D5AB}
		{5D1C5762-C2E4-41D7-A557-0EA2E87B0CA7} = {A17384A7-CA84-4B9A-BD4E-3C56B5F6D5AB}
	EndGlobalSection
EndGlobal
